
Microsoft Visual Studio Solution File, Format Version 12.00
# Visual Studio Version 17
VisualStudioVersion = 17.3.32825.248
MinimumVisualStudioVersion = 10.0.40219.1
Project("{FAE04EC0-301F-11D3-BF4B-00C04F79EFBC}") = "GoCoin_WinForm", "GoCoin_WinForm\GoCoin_WinForm.csproj", "{5BA04AC9-2BA8-45FE-95A4-3A012F47E3C6}"
EndProject
Global
	GlobalSection(SolutionConfigurationPlatforms) = preSolution
		Debug|Any CPU = Debug|Any CPU
		Release|Any CPU = Release|Any CPU
	EndGlobalSection
	GlobalSection(ProjectConfigurationPlatforms) = postSolution
		{5BA04AC9-2BA8-45FE-95A4-3A012F47E3C6}.Debug|Any CPU.ActiveCfg = Debug|Any CPU
		{5BA04AC9-2BA8-45FE-95A4-3A012F47E3C6}.Debug|Any CPU.Build.0 = Debug|Any CPU
		{5BA04AC9-2BA8-45FE-95A4-3A012F47E3C6}.Release|Any CPU.ActiveCfg = Release|Any CPU
		{5BA04AC9-2BA8-45FE-95A4-3A012F47E3C6}.Release|Any CPU.Build.0 = Release|Any CPU
	EndGlobalSection
	GlobalSection(SolutionProperties) = preSolution
		HideSolutionNode = FALSE
	EndGlobalSection
	GlobalSection(ExtensibilityGlobals) = postSolution
		SolutionGuid = {0941FD92-082C-46C1-BBE3-657DB4362956}
	EndGlobalSection
EndGlobal
